
Microsoft Visual Studio Solution File, Format Version 12.00
# Visual Studio Version 17
VisualStudioVersion = 17.3.32811.315
MinimumVisualStudioVersion = 10.0.40219.1
Project("{FAE04EC0-301F-11D3-BF4B-00C04F79EFBC}") = "CustomerRegistration", "CustomerRegistration\CustomerRegistration.csproj", "{A1D641B2-2BAF-499C-ADE4-52463FFFFAA5}"
EndProject
Global
	GlobalSection(SolutionConfigurationPlatforms) = preSolution
		Debug|Any CPU = Debug|Any CPU
		Release|Any CPU = Release|Any CPU
	EndGlobalSection
	GlobalSection(ProjectConfigurationPlatforms) = postSolution
		{A1D641B2-2BAF-499C-ADE4-52463FFFFAA5}.Debug|Any CPU.ActiveCfg = Debug|Any CPU
		{A1D641B2-2BAF-499C-ADE4-52463FFFFAA5}.Debug|Any CPU.Build.0 = Debug|Any CPU
		{A1D641B2-2BAF-499C-ADE4-52463FFFFAA5}.Release|Any CPU.ActiveCfg = Release|Any CPU
		{A1D641B2-2BAF-499C-ADE4-52463FFFFAA5}.Release|Any CPU.Build.0 = Release|Any CPU
	EndGlobalSection
	GlobalSection(SolutionProperties) = preSolution
		HideSolutionNode = FALSE
	EndGlobalSection
	GlobalSection(ExtensibilityGlobals) = postSolution
		SolutionGuid = {F9A3450A-53DB-492A-8BFF-3A9631C36D5C}
	EndGlobalSection
EndGlobal
